
Microsoft Visual Studio Solution File, Format Version 12.00
# Visual Studio 14
VisualStudioVersion = 14.0.25420.1
MinimumVisualStudioVersion = 10.0.40219.1
Project("{FAE04EC0-301F-11D3-BF4B-00C04F79EFBC}") = "TDDGroupSummaryCalculator", "TDDGroupSummaryCalculator\TDDGroupSummaryCalculator.csproj", "{E6EA7C90-6FDC-4127-8F31-64EE4718CC8F}"
EndProject
Project("{FAE04EC0-301F-11D3-BF4B-00C04F79EFBC}") = "TDDGroupSummaryCalculatorTests", "TDDGroupSummaryCalculatorTests\TDDGroupSummaryCalculatorTests.csproj", "{2DFD1447-0B93-46E0-BF52-3C7775D9C79C}"
EndProject
Global
	GlobalSection(SolutionConfigurationPlatforms) = preSolution
		Debug|Any CPU = Debug|Any CPU
		Release|Any CPU = Release|Any CPU
	EndGlobalSection
	GlobalSection(ProjectConfigurationPlatforms) = postSolution
		{E6EA7C90-6FDC-4127-8F31-64EE4718CC8F}.Debug|Any CPU.ActiveCfg = Debug|Any CPU
		{E6EA7C90-6FDC-4127-8F31-64EE4718CC8F}.Debug|Any CPU.Build.0 = Debug|Any CPU
		{E6EA7C90-6FDC-4127-8F31-64EE4718CC8F}.Release|Any CPU.ActiveCfg = Release|Any CPU
		{E6EA7C90-6FDC-4127-8F31-64EE4718CC8F}.Release|Any CPU.Build.0 = Release|Any CPU
		{2DFD1447-0B93-46E0-BF52-3C7775D9C79C}.Debug|Any CPU.ActiveCfg = Debug|Any CPU
		{2DFD1447-0B93-46E0-BF52-3C7775D9C79C}.Debug|Any CPU.Build.0 = Debug|Any CPU
		{2DFD1447-0B93-46E0-BF52-3C7775D9C79C}.Release|Any CPU.ActiveCfg = Release|Any CPU
		{2DFD1447-0B93-46E0-BF52-3C7775D9C79C}.Release|Any CPU.Build.0 = Release|Any CPU
	EndGlobalSection
	GlobalSection(SolutionProperties) = preSolution
		HideSolutionNode = FALSE
	EndGlobalSection
EndGlobal
